
Microsoft Visual Studio Solution File, Format Version 12.00
# Visual Studio Version 16
VisualStudioVersion = 16.0.30114.105
MinimumVisualStudioVersion = 10.0.40219.1
Project("{FAE04EC0-301F-11D3-BF4B-00C04F79EFBC}") = "Cubes.Api", "Cubes.Api\Cubes.Api.csproj", "{BC441C49-42DD-4EC8-8A53-BF7CC0254A6E}"
EndProject
Project("{FAE04EC0-301F-11D3-BF4B-00C04F79EFBC}") = "Cubes.Application", "Cubes.Application\Cubes.Application.csproj", "{8D8AAB18-AD35-4FBD-BE56-B6F717321865}"
EndProject
Project("{FAE04EC0-301F-11D3-BF4B-00C04F79EFBC}") = "Cubes.Domain", "Cubes.Domain\Cubes.Domain.csproj", "{9AD9097F-BE48-4CA1-8DF8-65CFE964DD61}"
EndProject
Project("{FAE04EC0-301F-11D3-BF4B-00C04F79EFBC}") = "Cubes.Infrastructure", "Cubes.Infrastructure\Cubes.Infrastructure.csproj", "{C7B06862-C62A-4A13-8F6F-6A4D6AC3045C}"
EndProject
Project("{FAE04EC0-301F-11D3-BF4B-00C04F79EFBC}") = "Cubes.Tests", "Cubes.Tests\Cubes.Tests.csproj", "{5768FC95-820B-44B0-912F-52C5DA7BBE01}"
EndProject
Global
	GlobalSection(SolutionConfigurationPlatforms) = preSolution
		Debug|Any CPU = Debug|Any CPU
		Debug|x64 = Debug|x64
		Debug|x86 = Debug|x86
		Release|Any CPU = Release|Any CPU
		Release|x64 = Release|x64
		Release|x86 = Release|x86
	EndGlobalSection
	GlobalSection(SolutionProperties) = preSolution
		HideSolutionNode = FALSE
	EndGlobalSection
	GlobalSection(ProjectConfigurationPlatforms) = postSolution
		{BC441C49-42DD-4EC8-8A53-BF7CC0254A6E}.Debug|Any CPU.ActiveCfg = Debug|Any CPU
		{BC441C49-42DD-4EC8-8A53-BF7CC0254A6E}.Debug|Any CPU.Build.0 = Debug|Any CPU
		{BC441C49-42DD-4EC8-8A53-BF7CC0254A6E}.Debug|x64.ActiveCfg = Debug|Any CPU
		{BC441C49-42DD-4EC8-8A53-BF7CC0254A6E}.Debug|x64.Build.0 = Debug|Any CPU
		{BC441C49-42DD-4EC8-8A53-BF7CC0254A6E}.Debug|x86.ActiveCfg = Debug|Any CPU
		{BC441C49-42DD-4EC8-8A53-BF7CC0254A6E}.Debug|x86.Build.0 = Debug|Any CPU
		{BC441C49-42DD-4EC8-8A53-BF7CC0254A6E}.Release|Any CPU.ActiveCfg = Release|Any CPU
		{BC441C49-42DD-4EC8-8A53-BF7CC0254A6E}.Release|Any CPU.Build.0 = Release|Any CPU
		{BC441C49-42DD-4EC8-8A53-BF7CC0254A6E}.Release|x64.ActiveCfg = Release|Any CPU
		{BC441C49-42DD-4EC8-8A53-BF7CC0254A6E}.Release|x64.Build.0 = Release|Any CPU
		{BC441C49-42DD-4EC8-8A53-BF7CC0254A6E}.Release|x86.ActiveCfg = Release|Any CPU
		{BC441C49-42DD-4EC8-8A53-BF7CC0254A6E}.Release|x86.Build.0 = Release|Any CPU
		{8D8AAB18-AD35-4FBD-BE56-B6F717321865}.Debug|Any CPU.ActiveCfg = Debug|Any CPU
		{8D8AAB18-AD35-4FBD-BE56-B6F717321865}.Debug|Any CPU.Build.0 = Debug|Any CPU
		{8D8AAB18-AD35-4FBD-BE56-B6F717321865}.Debug|x64.ActiveCfg = Debug|Any CPU
		{8D8AAB18-AD35-4FBD-BE56-B6F717321865}.Debug|x64.Build.0 = Debug|Any CPU
		{8D8AAB18-AD35-4FBD-BE56-B6F717321865}.Debug|x86.ActiveCfg = Debug|Any CPU
		{8D8AAB18-AD35-4FBD-BE56-B6F717321865}.Debug|x86.Build.0 = Debug|Any CPU
		{8D8AAB18-AD35-4FBD-BE56-B6F717321865}.Release|Any CPU.ActiveCfg = Release|Any CPU
		{8D8AAB18-AD35-4FBD-BE56-B6F717321865}.Release|Any CPU.Build.0 = Release|Any CPU
		{8D8AAB18-AD35-4FBD-BE56-B6F717321865}.Release|x64.ActiveCfg = Release|Any CPU
		{8D8AAB18-AD35-4FBD-BE56-B6F717321865}.Release|x64.Build.0 = Release|Any CPU
		{8D8AAB18-AD35-4FBD-BE56-B6F717321865}.Release|x86.ActiveCfg = Release|Any CPU
		{8D8AAB18-AD35-4FBD-BE56-B6F717321865}.Release|x86.Build.0 = Release|Any CPU
		{9AD9097F-BE48-4CA1-8DF8-65CFE964DD61}.Debug|Any CPU.ActiveCfg = Debug|Any CPU
		{9AD9097F-BE48-4CA1-8DF8-65CFE964DD61}.Debug|Any CPU.Build.0 = Debug|Any CPU
		{9AD9097F-BE48-4CA1-8DF8-65CFE964DD61}.Debug|x64.ActiveCfg = Debug|Any CPU
		{9AD9097F-BE48-4CA1-8DF8-65CFE964DD61}.Debug|x64.Build.0 = Debug|Any CPU
		{9AD9097F-BE48-4CA1-8DF8-65CFE964DD61}.Debug|x86.ActiveCfg = Debug|Any CPU
		{9AD9097F-BE48-4CA1-8DF8-65CFE964DD61}.Debug|x86.Build.0 = Debug|Any CPU
		{9AD9097F-BE48-4CA1-8DF8-65CFE964DD61}.Release|Any CPU.ActiveCfg = Release|Any CPU
		{9AD9097F-BE48-4CA1-8DF8-65CFE964DD61}.Release|Any CPU.Build.0 = Release|Any CPU
		{9AD9097F-BE48-4CA1-8DF8-65CFE964DD61}.Release|x64.ActiveCfg = Release|Any CPU
		{9AD9097F-BE48-4CA1-8DF8-65CFE964DD61}.Release|x64.Build.0 = Release|Any CPU
		{9AD9097F-BE48-4CA1-8DF8-65CFE964DD61}.Release|x86.ActiveCfg = Release|Any CPU
		{9AD9097F-BE48-4CA1-8DF8-65CFE964DD61}.Release|x86.Build.0 = Release|Any CPU
		{C7B06862-C62A-4A13-8F6F-6A4D6AC3045C}.Debug|Any CPU.ActiveCfg = Debug|Any CPU
		{C7B06862-C62A-4A13-8F6F-6A4D6AC3045C}.Debug|Any CPU.Build.0 = Debug|Any CPU
		{C7B06862-C62A-4A13-8F6F-6A4D6AC3045C}.Debug|x64.ActiveCfg = Debug|Any CPU
		{C7B06862-C62A-4A13-8F6F-6A4D6AC3045C}.Debug|x64.Build.0 = Debug|Any CPU
		{C7B06862-C62A-4A13-8F6F-6A4D6AC3045C}.Debug|x86.ActiveCfg = Debug|Any CPU
		{C7B06862-C62A-4A13-8F6F-6A4D6AC3045C}.Debug|x86.Build.0 = Debug|Any CPU
		{C7B06862-C62A-4A13-8F6F-6A4D6AC3045C}.Release|Any CPU.ActiveCfg = Release|Any CPU
		{C7B06862-C62A-4A13-8F6F-6A4D6AC3045C}.Release|Any CPU.Build.0 = Release|Any CPU
		{C7B06862-C62A-4A13-8F6F-6A4D6AC3045C}.Release|x64.ActiveCfg = Release|Any CPU
		{C7B06862-C62A-4A13-8F6F-6A4D6AC3045C}.Release|x64.Build.0 = Release|Any CPU
		{C7B06862-C62A-4A13-8F6F-6A4D6AC3045C}.Release|x86.ActiveCfg = Release|Any CPU
		{C7B06862-C62A-4A13-8F6F-6A4D6AC3045C}.Release|x86.Build.0 = Release|Any CPU
		{5768FC95-820B-44B0-912F-52C5DA7BBE01}.Debug|Any CPU.ActiveCfg = Debug|Any CPU
		{5768FC95-820B-44B0-912F-52C5DA7BBE01}.Debug|Any CPU.Build.0 = Debug|Any CPU
		{5768FC95-820B-44B0-912F-52C5DA7BBE01}.Debug|x64.ActiveCfg = Debug|Any CPU
		{5768FC95-820B-44B0-912F-52C5DA7BBE01}.Debug|x64.Build.0 = Debug|Any CPU
		{5768FC95-820B-44B0-912F-52C5DA7BBE01}.Debug|x86.ActiveCfg = Debug|Any CPU
		{5768FC95-820B-44B0-912F-52C5DA7BBE01}.Debug|x86.Build.0 = Debug|Any CPU
		{5768FC95-820B-44B0-912F-52C5DA7BBE01}.Release|Any CPU.ActiveCfg = Release|Any CPU
		{5768FC95-820B-44B0-912F-52C5DA7BBE01}.Release|Any CPU.Build.0 = Release|Any CPU
		{5768FC95-820B-44B0-912F-52C5DA7BBE01}.Release|x64.ActiveCfg = Release|Any CPU
		{5768FC95-820B-44B0-912F-52C5DA7BBE01}.Release|x64.Build.0 = Release|Any CPU
		{5768FC95-820B-44B0-912F-52C5DA7BBE01}.Release|x86.ActiveCfg = Release|Any CPU
		{5768FC95-820B-44B0-912F-52C5DA7BBE01}.Release|x86.Build.0 = Release|Any CPU
	EndGlobalSection
EndGlobal
